
Microsoft Visual Studio Solution File, Format Version 12.00
# Visual Studio Version 16
VisualStudioVersion = 16.0.31702.278
MinimumVisualStudioVersion = 10.0.40219.1
Project("{9A19103F-16F7-4668-BE54-9A1E7A4F7556}") = "Exercicio1.1", "ExerciciosCSharp\Exercicio1.1.csproj", "{62610E01-3660-4D42-9782-F82D55DE70ED}"
EndProject
Project("{2150E333-8FDC-42A3-9474-1A3956D46DE8}") = "Secao01", "Secao01", "{956F8D7C-D65F-4833-8341-ACDC3E303FD3}"
EndProject
Project("{9A19103F-16F7-4668-BE54-9A1E7A4F7556}") = "Exercicio1.2", "ExercicioLogica02\Exercicio1.2.csproj", "{DC153925-8661-4E19-8310-1EB396258487}"
EndProject
Project("{9A19103F-16F7-4668-BE54-9A1E7A4F7556}") = "Exercicio2.1", "ExercicioLogica03\Exercicio2.1.csproj", "{4CED677D-9F75-45DA-A4AA-37E949804598}"
EndProject
Project("{9A19103F-16F7-4668-BE54-9A1E7A4F7556}") = "Exercicio2.2 - Corrigir", "Exercicio2.2\Exercicio2.2 - Corrigir.csproj", "{B388143C-DCBB-4EB7-A863-FAE192F5EE2A}"
EndProject
Project("{9A19103F-16F7-4668-BE54-9A1E7A4F7556}") = "Exercicio3.1", "Exercicio3.1\Exercicio3.1.csproj", "{008F2CEE-6D8A-4448-82C3-1ABAA0740BAB}"
EndProject
Project("{9A19103F-16F7-4668-BE54-9A1E7A4F7556}") = "Exercicio3.2", "Exercicio3.2\Exercicio3.2.csproj", "{7738CB2E-C8B0-46A2-862A-07CC14EA68BE}"
EndProject
Project("{2150E333-8FDC-42A3-9474-1A3956D46DE8}") = "Secao03", "Secao03", "{38B22228-1729-4279-9248-2BC57E4D4F41}"
EndProject
Project("{2150E333-8FDC-42A3-9474-1A3956D46DE8}") = "01-Sequencial", "01-Sequencial", "{7D3288D6-5F6B-4FBE-9F5D-E40971B6E0E7}"
EndProject
Project("{2150E333-8FDC-42A3-9474-1A3956D46DE8}") = "02-Condicional", "02-Condicional", "{C0BD2CA3-A5F0-4EDB-A5C5-EA0B4787B02F}"
EndProject
Project("{2150E333-8FDC-42A3-9474-1A3956D46DE8}") = "03-While", "03-While", "{3C2987A6-7DAE-49C8-987D-F9839EAD74B3}"
EndProject
Project("{2150E333-8FDC-42A3-9474-1A3956D46DE8}") = "04-For", "04-For", "{9AE51F65-7EC8-464B-BF64-21B77E34A90E}"
EndProject
Project("{9A19103F-16F7-4668-BE54-9A1E7A4F7556}") = "ExercicioSeq01", "Exercicio01\ExercicioSeq01.csproj", "{DCF20F0B-9002-484F-9E43-C3957A88EDAE}"
EndProject
Project("{9A19103F-16F7-4668-BE54-9A1E7A4F7556}") = "ExercicioSeq02", "Exercicio02\ExercicioSeq02.csproj", "{73703712-DA92-46FD-9BFF-A14B9C594E23}"
EndProject
Project("{9A19103F-16F7-4668-BE54-9A1E7A4F7556}") = "ExercicioSeq03", "Exercicio03\ExercicioSeq03.csproj", "{C65E0D94-515C-44FE-BF86-78B7AEF558DE}"
EndProject
Project("{9A19103F-16F7-4668-BE54-9A1E7A4F7556}") = "ExercicioSeq04", "Exercicio04\ExercicioSeq04.csproj", "{41051DAF-CE65-48EF-A972-DF2D14034D77}"
EndProject
Project("{9A19103F-16F7-4668-BE54-9A1E7A4F7556}") = "ExercicioSeq05", "Exercicio05\ExercicioSeq05.csproj", "{BF09562C-C88D-4448-97B0-24CBF8A6E8F2}"
EndProject
Project("{9A19103F-16F7-4668-BE54-9A1E7A4F7556}") = "ExercicioSeq06", "Exercicio06\ExercicioSeq06.csproj", "{FFF694E7-7D74-47A7-8FAD-D31A88C4B264}"
EndProject
Project("{9A19103F-16F7-4668-BE54-9A1E7A4F7556}") = "ExercicioCond01", "ExercicioCond01\ExercicioCond01.csproj", "{E84F6615-ECD0-42AE-A0C1-FB08D1C34DA7}"
EndProject
Project("{9A19103F-16F7-4668-BE54-9A1E7A4F7556}") = "ExercicioCond02", "ExercicioCond02\ExercicioCond02.csproj", "{5E88C730-3EEC-4D6A-891C-A30A32143DE8}"
EndProject
Project("{9A19103F-16F7-4668-BE54-9A1E7A4F7556}") = "ExercicioCond03", "ExercicioCond03\ExercicioCond03.csproj", "{D19A2D34-6FAD-418E-B906-8956D507E916}"
EndProject
Project("{9A19103F-16F7-4668-BE54-9A1E7A4F7556}") = "ExercicioCond04", "ExercicioCond04\ExercicioCond04.csproj", "{E5EF76B3-EE15-4DF4-9C46-AE6D68C62C74}"
EndProject
Project("{9A19103F-16F7-4668-BE54-9A1E7A4F7556}") = "ExercicioCond05", "ExercicioCond05\ExercicioCond05.csproj", "{CAC3C37D-DEC3-49CE-978B-3BEC37C18F96}"
EndProject
Project("{9A19103F-16F7-4668-BE54-9A1E7A4F7556}") = "ExercicioCond06", "ExercicioCond06\ExercicioCond06.csproj", "{01999481-F11A-4B31-8A24-2726CDB650B2}"
EndProject
Project("{9A19103F-16F7-4668-BE54-9A1E7A4F7556}") = "ExercicioCond07", "ExercicioCond07\ExercicioCond07.csproj", "{ABD5A5C9-AA52-459F-BB0D-498AE98DA079}"
EndProject
Project("{9A19103F-16F7-4668-BE54-9A1E7A4F7556}") = "ExercicioCond08", "ExercicioCond08\ExercicioCond08.csproj", "{00E8240B-758D-4F19-ACBD-9983DC1E233A}"
EndProject
Project("{9A19103F-16F7-4668-BE54-9A1E7A4F7556}") = "ExercicioWhile01", "ExercicioWhile01\ExercicioWhile01.csproj", "{54234284-F9DD-41A2-AF41-E44BC6C435EB}"
EndProject
Project("{9A19103F-16F7-4668-BE54-9A1E7A4F7556}") = "ExercicioWhile02", "ExercicioWhile02\ExercicioWhile02.csproj", "{93976710-DAA4-4CAA-A9E3-296420DE39FE}"
EndProject
Project("{9A19103F-16F7-4668-BE54-9A1E7A4F7556}") = "ExercicioWhile03", "ExercicioWhile03\ExercicioWhile03.csproj", "{5B2E7BBE-A4BE-4BDC-9BFC-2A3C7E1DE214}"
EndProject
Project("{9A19103F-16F7-4668-BE54-9A1E7A4F7556}") = "ExercicioFor01", "ExercicioFor01\ExercicioFor01.csproj", "{72227443-BC76-4A0B-92B9-5E814A003ECC}"
EndProject
Project("{9A19103F-16F7-4668-BE54-9A1E7A4F7556}") = "ExercicioFor02", "ExercicioFor02\ExercicioFor02.csproj", "{AF09F054-2A4B-4A5C-AE95-52D0C544504C}"
EndProject
Project("{9A19103F-16F7-4668-BE54-9A1E7A4F7556}") = "ExercicioFor03", "ExercicioFor03\ExercicioFor03.csproj", "{656CF6AB-E71A-4BE1-A673-07598D37FA89}"
EndProject
Project("{9A19103F-16F7-4668-BE54-9A1E7A4F7556}") = "ExercicioFor04", "ExercicioFor04\ExercicioFor04.csproj", "{345ED4A4-3926-4897-B64B-E5DE3F402544}"
EndProject
Project("{9A19103F-16F7-4668-BE54-9A1E7A4F7556}") = "ExercicioFor05", "ExercicioFor05\ExercicioFor05.csproj", "{046A4FEB-11E6-4140-A2B7-392933084728}"
EndProject
Project("{9A19103F-16F7-4668-BE54-9A1E7A4F7556}") = "ExercicioFor06", "ExercicioFor06\ExercicioFor06.csproj", "{AD1C5233-7E8D-4BE5-97B9-6C9E5C8B51D8}"
EndProject
Project("{9A19103F-16F7-4668-BE54-9A1E7A4F7556}") = "ExercicioFor07", "ExercicioFor07\ExercicioFor07.csproj", "{B1A7B67C-081E-46B1-AD5E-D03B1B1A39AF}"
EndProject
Project("{9A19103F-16F7-4668-BE54-9A1E7A4F7556}") = "Consulta01SaidaDeDados", "Consulta01SaidaDeDados\Consulta01SaidaDeDados.csproj", "{8D61DE29-67C7-46C7-A0AF-EF247D635D1E}"
EndProject
Project("{9A19103F-16F7-4668-BE54-9A1E7A4F7556}") = "Consulta02EntradaDeDados", "Consulta02EntradaDeDados\Consulta02EntradaDeDados.csproj", "{910BB903-E359-4A0E-861D-CC3AF42D3FA5}"
EndProject
Project("{9A19103F-16F7-4668-BE54-9A1E7A4F7556}") = "Consulta03EstruturaCondicional", "Consulta03EstruturaCondicional\Consulta03EstruturaCondicional.csproj", "{FBBC80F3-0A8C-42FD-8C62-E12CA40C9AA4}"
EndProject
Project("{2150E333-8FDC-42A3-9474-1A3956D46DE8}") = "Secao04", "Secao04", "{66737660-995E-4368-A8A7-26E4759DCD4D}"
EndProject
Project("{2150E333-8FDC-42A3-9474-1A3956D46DE8}") = "01-Classes, atributos e metodos", "01-Classes, atributos e metodos", "{62870EC8-EA78-450E-9198-FF68195693F6}"
EndProject
Project("{9A19103F-16F7-4668-BE54-9A1E7A4F7556}") = "ExercicioClasses01", "ExercicioOO01\ExercicioClasses01.csproj", "{87D1ED15-0B83-4A9C-915F-0962106848CB}"
EndProject
Project("{9A19103F-16F7-4668-BE54-9A1E7A4F7556}") = "ExercicioClasses02", "ExercicioOO02\ExercicioClasses02.csproj", "{DFB82E14-2E28-4A2C-A5D3-94BEF7754A3A}"
EndProject
Project("{9A19103F-16F7-4668-BE54-9A1E7A4F7556}") = "ExercicioClasses03", "ExercicioOO03\ExercicioClasses03.csproj", "{8BD104C1-3271-45B5-B8DE-0B6EDB0DA241}"
EndProject
Project("{9A19103F-16F7-4668-BE54-9A1E7A4F7556}") = "ExercicioMembrosEstaticos01", "ExercicioMembrosEstaticos01\ExercicioMembrosEstaticos01.csproj", "{EA2777DA-4148-4221-BCEE-FA6384F90AE1}"
EndProject
Project("{2150E333-8FDC-42A3-9474-1A3956D46DE8}") = "02-Membros estaticos", "02-Membros estaticos", "{ADC61811-1363-4FCD-9C2D-8BD40FACD78E}"
EndProject
Project("{2150E333-8FDC-42A3-9474-1A3956D46DE8}") = "Secao05", "Secao05", "{9197B908-1AE4-4D4C-A11F-93CF258E836A}"
EndProject
Project("{9A19103F-16F7-4668-BE54-9A1E7A4F7556}") = "Consulta01Construtores", "Consulta01Construtores\Consulta01Construtores.csproj", "{0F4D9C41-FA1C-4FDD-BDE7-78510A82C2B2}"
EndProject
Project("{9A19103F-16F7-4668-BE54-9A1E7A4F7556}") = "Consulta02Sobrecarga", "Consulta02Sobrecarga\Consulta02Sobrecarga.csproj", "{FB726CC0-2231-476A-BF27-517D5925D334}"
EndProject
Project("{9A19103F-16F7-4668-BE54-9A1E7A4F7556}") = "Consulta03Propriedades", "Consulta03Propriedades\Consulta03Propriedades.csproj", "{63601089-F369-4E69-91E2-F716C1233ACC}"
EndProject
Project("{9A19103F-16F7-4668-BE54-9A1E7A4F7556}") = "Consulta04PropriedadesAutoImplementadas", "Consulta04PropriedadesAutoImplementadas\Consulta04PropriedadesAutoImplementadas.csproj", "{A173DA16-517D-45E6-81B8-1F76609CB5C9}"
EndProject
Project("{2150E333-8FDC-42A3-9474-1A3956D46DE8}") = "01-Exercicios", "01-Exercicios", "{954ABF8C-329F-4AB9-A1E5-C8F65DF6C87E}"
EndProject
Project("{9A19103F-16F7-4668-BE54-9A1E7A4F7556}") = "ExercicioSecaoCinco01", "ExercicioSecaoCinco01\ExercicioSecaoCinco01.csproj", "{B7A3199D-407F-455E-9013-E5174635405B}"
EndProject
Project("{9A19103F-16F7-4668-BE54-9A1E7A4F7556}") = "ExercicioSecaoCinco01-Corrigido", "ExercicioSecaoCinco01-Corrigido\ExercicioSecaoCinco01-Corrigido.csproj", "{531F873B-9700-423F-99EB-08C39401F7C9}"
EndProject
Project("{2150E333-8FDC-42A3-9474-1A3956D46DE8}") = "Secao06", "Secao06", "{8B096448-80FF-4148-9193-474CB0C159C8}"
EndProject
Project("{2150E333-8FDC-42A3-9474-1A3956D46DE8}") = "01-Vetores", "01-Vetores", "{687ECFDC-8CFD-44C0-9FF3-A01265DE92EF}"
EndProject
Project("{9A19103F-16F7-4668-BE54-9A1E7A4F7556}") = "ExercicioVetores01-01-Incompleto", "ExercicioVetores01\ExercicioVetores01-01-Incompleto.csproj", "{5BDB82A5-E576-4606-8E0C-2700339A5325}"
EndProject
Project("{9A19103F-16F7-4668-BE54-9A1E7A4F7556}") = "ExercicioVetores01-02-Corrigido", "ExercicioVetores01-Corrigido\ExercicioVetores01-02-Corrigido.csproj", "{5B9CFB56-86BC-4C5C-B15D-9DE5E84F7E6E}"
EndProject
Project("{9A19103F-16F7-4668-BE54-9A1E7A4F7556}") = "ExercicioVetores01-03-Refeito", "ExercicioVetores01-Refeito\ExercicioVetores01-03-Refeito.csproj", "{FC743DBA-272B-4995-9A9F-365030BCEA1B}"
EndProject
Project("{9A19103F-16F7-4668-BE54-9A1E7A4F7556}") = "Rascunhos", "ConsoleApp4\Rascunhos.csproj", "{9DB768AC-46AA-44E2-90E3-54F44ABCBF5B}"
EndProject
Project("{2150E333-8FDC-42A3-9474-1A3956D46DE8}") = "02-Listas", "02-Listas", "{C6E3C602-C0AE-49AB-BC03-0117FA7C6163}"
EndProject
Project("{FAE04EC0-301F-11D3-BF4B-00C04F79EFBC}") = "ExercicioListas01-01-Incompleto", "ExercicioListas01\ExercicioListas01-01-Incompleto.csproj", "{9FF669F3-4BC1-4A7B-9A0C-E5AD2B3AF713}"
EndProject
Project("{FAE04EC0-301F-11D3-BF4B-00C04F79EFBC}") = "ExercicioListas01-02-Corrigido", "ExercicioListas01-02-Corrigido\ExercicioListas01-02-Corrigido.csproj", "{7D8249BE-A03D-4132-8CFB-71D048A9C611}"
EndProject
Project("{FAE04EC0-301F-11D3-BF4B-00C04F79EFBC}") = "ExercicioListas01-03-Refeito", "ExercicioListas01-03-Refeito\ExercicioListas01-03-Refeito.csproj", "{B20E71DA-4101-41B9-8B03-FB1C627DBFFF}"
EndProject
Project("{2150E333-8FDC-42A3-9474-1A3956D46DE8}") = "03-Matriz", "03-Matriz", "{0EBAC8A5-B026-4B8E-A031-92235966EA99}"
EndProject
Project("{FAE04EC0-301F-11D3-BF4B-00C04F79EFBC}") = "ExercicioMatriz01-01-Feito", "ExercicioMatriz01\ExercicioMatriz01-01-Feito.csproj", "{43F2E23E-125F-466B-B019-093E71E49989}"
EndProject
Project("{FAE04EC0-301F-11D3-BF4B-00C04F79EFBC}") = "ExercicioMatriz01-02-Corrigido", "ExercicioMatriz01-02-Corrigido\ExercicioMatriz01-02-Corrigido.csproj", "{5DB9D83F-0C36-4A15-8482-F2643DF0259A}"
EndProject
Project("{FAE04EC0-301F-11D3-BF4B-00C04F79EFBC}") = "ExercicioMatriz02-01-Errado", "ExercicioMatriz02\ExercicioMatriz02-01-Errado.csproj", "{816359DD-B430-4A4A-B780-906076E7D9BC}"
EndProject
Project("{FAE04EC0-301F-11D3-BF4B-00C04F79EFBC}") = "ExercicioMatriz02-02-Corrigido", "ExercicioMatriz02-02-Corrigido\ExercicioMatriz02-02-Corrigido.csproj", "{2E1C9F28-8A3B-45CA-A970-4CA8BA640A6F}"
EndProject
Project("{2150E333-8FDC-42A3-9474-1A3956D46DE8}") = "Secao07", "Secao07", "{7F4072D2-3EE3-4048-859A-C9D3597D8104}"
EndProject
Project("{FAE04EC0-301F-11D3-BF4B-00C04F79EFBC}") = "RascunhoSecao07", "RascunhoSecao07\RascunhoSecao07.csproj", "{146A5AD9-D52C-4255-B1E7-75EB05BB2F2C}"
EndProject
Global
	GlobalSection(SolutionConfigurationPlatforms) = preSolution
		Debug|Any CPU = Debug|Any CPU
		Release|Any CPU = Release|Any CPU
	EndGlobalSection
	GlobalSection(ProjectConfigurationPlatforms) = postSolution
		{62610E01-3660-4D42-9782-F82D55DE70ED}.Debug|Any CPU.ActiveCfg = Debug|Any CPU
		{62610E01-3660-4D42-9782-F82D55DE70ED}.Debug|Any CPU.Build.0 = Debug|Any CPU
		{62610E01-3660-4D42-9782-F82D55DE70ED}.Release|Any CPU.ActiveCfg = Release|Any CPU
		{62610E01-3660-4D42-9782-F82D55DE70ED}.Release|Any CPU.Build.0 = Release|Any CPU
		{DC153925-8661-4E19-8310-1EB396258487}.Debug|Any CPU.ActiveCfg = Debug|Any CPU
		{DC153925-8661-4E19-8310-1EB396258487}.Debug|Any CPU.Build.0 = Debug|Any CPU
		{DC153925-8661-4E19-8310-1EB396258487}.Release|Any CPU.ActiveCfg = Release|Any CPU
		{DC153925-8661-4E19-8310-1EB396258487}.Release|Any CPU.Build.0 = Release|Any CPU
		{4CED677D-9F75-45DA-A4AA-37E949804598}.Debug|Any CPU.ActiveCfg = Debug|Any CPU
		{4CED677D-9F75-45DA-A4AA-37E949804598}.Debug|Any CPU.Build.0 = Debug|Any CPU
		{4CED677D-9F75-45DA-A4AA-37E949804598}.Release|Any CPU.ActiveCfg = Release|Any CPU
		{4CED677D-9F75-45DA-A4AA-37E949804598}.Release|Any CPU.Build.0 = Release|Any CPU
		{B388143C-DCBB-4EB7-A863-FAE192F5EE2A}.Debug|Any CPU.ActiveCfg = Debug|Any CPU
		{B388143C-DCBB-4EB7-A863-FAE192F5EE2A}.Debug|Any CPU.Build.0 = Debug|Any CPU
		{B388143C-DCBB-4EB7-A863-FAE192F5EE2A}.Release|Any CPU.ActiveCfg = Release|Any CPU
		{B388143C-DCBB-4EB7-A863-FAE192F5EE2A}.Release|Any CPU.Build.0 = Release|Any CPU
		{008F2CEE-6D8A-4448-82C3-1ABAA0740BAB}.Debug|Any CPU.ActiveCfg = Debug|Any CPU
		{008F2CEE-6D8A-4448-82C3-1ABAA0740BAB}.Debug|Any CPU.Build.0 = Debug|Any CPU
		{008F2CEE-6D8A-4448-82C3-1ABAA0740BAB}.Release|Any CPU.ActiveCfg = Release|Any CPU
		{008F2CEE-6D8A-4448-82C3-1ABAA0740BAB}.Release|Any CPU.Build.0 = Release|Any CPU
		{7738CB2E-C8B0-46A2-862A-07CC14EA68BE}.Debug|Any CPU.ActiveCfg = Debug|Any CPU
		{7738CB2E-C8B0-46A2-862A-07CC14EA68BE}.Debug|Any CPU.Build.0 = Debug|Any CPU
		{7738CB2E-C8B0-46A2-862A-07CC14EA68BE}.Release|Any CPU.ActiveCfg = Release|Any CPU
		{7738CB2E-C8B0-46A2-862A-07CC14EA68BE}.Release|Any CPU.Build.0 = Release|Any CPU
		{DCF20F0B-9002-484F-9E43-C3957A88EDAE}.Debug|Any CPU.ActiveCfg = Debug|Any CPU
		{DCF20F0B-9002-484F-9E43-C3957A88EDAE}.Debug|Any CPU.Build.0 = Debug|Any CPU
		{DCF20F0B-9002-484F-9E43-C3957A88EDAE}.Release|Any CPU.ActiveCfg = Release|Any CPU
		{DCF20F0B-9002-484F-9E43-C3957A88EDAE}.Release|Any CPU.Build.0 = Release|Any CPU
		{73703712-DA92-46FD-9BFF-A14B9C594E23}.Debug|Any CPU.ActiveCfg = Debug|Any CPU
		{73703712-DA92-46FD-9BFF-A14B9C594E23}.Debug|Any CPU.Build.0 = Debug|Any CPU
		{73703712-DA92-46FD-9BFF-A14B9C594E23}.Release|Any CPU.ActiveCfg = Release|Any CPU
		{73703712-DA92-46FD-9BFF-A14B9C594E23}.Release|Any CPU.Build.0 = Release|Any CPU
		{C65E0D94-515C-44FE-BF86-78B7AEF558DE}.Debug|Any CPU.ActiveCfg = Debug|Any CPU
		{C65E0D94-515C-44FE-BF86-78B7AEF558DE}.Debug|Any CPU.Build.0 = Debug|Any CPU
		{C65E0D94-515C-44FE-BF86-78B7AEF558DE}.Release|Any CPU.ActiveCfg = Release|Any CPU
		{C65E0D94-515C-44FE-BF86-78B7AEF558DE}.Release|Any CPU.Build.0 = Release|Any CPU
		{41051DAF-CE65-48EF-A972-DF2D14034D77}.Debug|Any CPU.ActiveCfg = Debug|Any CPU
		{41051DAF-CE65-48EF-A972-DF2D14034D77}.Debug|Any CPU.Build.0 = Debug|Any CPU
		{41051DAF-CE65-48EF-A972-DF2D14034D77}.Release|Any CPU.ActiveCfg = Release|Any CPU
		{41051DAF-CE65-48EF-A972-DF2D14034D77}.Release|Any CPU.Build.0 = Release|Any CPU
		{BF09562C-C88D-4448-97B0-24CBF8A6E8F2}.Debug|Any CPU.ActiveCfg = Debug|Any CPU
		{BF09562C-C88D-4448-97B0-24CBF8A6E8F2}.Debug|Any CPU.Build.0 = Debug|Any CPU
		{BF09562C-C88D-4448-97B0-24CBF8A6E8F2}.Release|Any CPU.ActiveCfg = Release|Any CPU
		{BF09562C-C88D-4448-97B0-24CBF8A6E8F2}.Release|Any CPU.Build.0 = Release|Any CPU
		{FFF694E7-7D74-47A7-8FAD-D31A88C4B264}.Debug|Any CPU.ActiveCfg = Debug|Any CPU
		{FFF694E7-7D74-47A7-8FAD-D31A88C4B264}.Debug|Any CPU.Build.0 = Debug|Any CPU
		{FFF694E7-7D74-47A7-8FAD-D31A88C4B264}.Release|Any CPU.ActiveCfg = Release|Any CPU
		{FFF694E7-7D74-47A7-8FAD-D31A88C4B264}.Release|Any CPU.Build.0 = Release|Any CPU
		{E84F6615-ECD0-42AE-A0C1-FB08D1C34DA7}.Debug|Any CPU.ActiveCfg = Debug|Any CPU
		{E84F6615-ECD0-42AE-A0C1-FB08D1C34DA7}.Debug|Any CPU.Build.0 = Debug|Any CPU
		{E84F6615-ECD0-42AE-A0C1-FB08D1C34DA7}.Release|Any CPU.ActiveCfg = Release|Any CPU
		{E84F6615-ECD0-42AE-A0C1-FB08D1C34DA7}.Release|Any CPU.Build.0 = Release|Any CPU
		{5E88C730-3EEC-4D6A-891C-A30A32143DE8}.Debug|Any CPU.ActiveCfg = Debug|Any CPU
		{5E88C730-3EEC-4D6A-891C-A30A32143DE8}.Debug|Any CPU.Build.0 = Debug|Any CPU
		{5E88C730-3EEC-4D6A-891C-A30A32143DE8}.Release|Any CPU.ActiveCfg = Release|Any CPU
		{5E88C730-3EEC-4D6A-891C-A30A32143DE8}.Release|Any CPU.Build.0 = Release|Any CPU
		{D19A2D34-6FAD-418E-B906-8956D507E916}.Debug|Any CPU.ActiveCfg = Debug|Any CPU
		{D19A2D34-6FAD-418E-B906-8956D507E916}.Debug|Any CPU.Build.0 = Debug|Any CPU
		{D19A2D34-6FAD-418E-B906-8956D507E916}.Release|Any CPU.ActiveCfg = Release|Any CPU
		{D19A2D34-6FAD-418E-B906-8956D507E916}.Release|Any CPU.Build.0 = Release|Any CPU
		{E5EF76B3-EE15-4DF4-9C46-AE6D68C62C74}.Debug|Any CPU.ActiveCfg = Debug|Any CPU
		{E5EF76B3-EE15-4DF4-9C46-AE6D68C62C74}.Debug|Any CPU.Build.0 = Debug|Any CPU
		{E5EF76B3-EE15-4DF4-9C46-AE6D68C62C74}.Release|Any CPU.ActiveCfg = Release|Any CPU
		{E5EF76B3-EE15-4DF4-9C46-AE6D68C62C74}.Release|Any CPU.Build.0 = Release|Any CPU
		{CAC3C37D-DEC3-49CE-978B-3BEC37C18F96}.Debug|Any CPU.ActiveCfg = Debug|Any CPU
		{CAC3C37D-DEC3-49CE-978B-3BEC37C18F96}.Debug|Any CPU.Build.0 = Debug|Any CPU
		{CAC3C37D-DEC3-49CE-978B-3BEC37C18F96}.Release|Any CPU.ActiveCfg = Release|Any CPU
		{CAC3C37D-DEC3-49CE-978B-3BEC37C18F96}.Release|Any CPU.Build.0 = Release|Any CPU
		{01999481-F11A-4B31-8A24-2726CDB650B2}.Debug|Any CPU.ActiveCfg = Debug|Any CPU
		{01999481-F11A-4B31-8A24-2726CDB650B2}.Debug|Any CPU.Build.0 = Debug|Any CPU
		{01999481-F11A-4B31-8A24-2726CDB650B2}.Release|Any CPU.ActiveCfg = Release|Any CPU
		{01999481-F11A-4B31-8A24-2726CDB650B2}.Release|Any CPU.Build.0 = Release|Any CPU
		{ABD5A5C9-AA52-459F-BB0D-498AE98DA079}.Debug|Any CPU.ActiveCfg = Debug|Any CPU
		{ABD5A5C9-AA52-459F-BB0D-498AE98DA079}.Debug|Any CPU.Build.0 = Debug|Any CPU
		{ABD5A5C9-AA52-459F-BB0D-498AE98DA079}.Release|Any CPU.ActiveCfg = Release|Any CPU
		{ABD5A5C9-AA52-459F-BB0D-498AE98DA079}.Release|Any CPU.Build.0 = Release|Any CPU
		{00E8240B-758D-4F19-ACBD-9983DC1E233A}.Debug|Any CPU.ActiveCfg = Debug|Any CPU
		{00E8240B-758D-4F19-ACBD-9983DC1E233A}.Debug|Any CPU.Build.0 = Debug|Any CPU
		{00E8240B-758D-4F19-ACBD-9983DC1E233A}.Release|Any CPU.ActiveCfg = Release|Any CPU
		{00E8240B-758D-4F19-ACBD-9983DC1E233A}.Release|Any CPU.Build.0 = Release|Any CPU
		{54234284-F9DD-41A2-AF41-E44BC6C435EB}.Debug|Any CPU.ActiveCfg = Debug|Any CPU
		{54234284-F9DD-41A2-AF41-E44BC6C435EB}.Debug|Any CPU.Build.0 = Debug|Any CPU
		{54234284-F9DD-41A2-AF41-E44BC6C435EB}.Release|Any CPU.ActiveCfg = Release|Any CPU
		{54234284-F9DD-41A2-AF41-E44BC6C435EB}.Release|Any CPU.Build.0 = Release|Any CPU
		{93976710-DAA4-4CAA-A9E3-296420DE39FE}.Debug|Any CPU.ActiveCfg = Debug|Any CPU
		{93976710-DAA4-4CAA-A9E3-296420DE39FE}.Debug|Any CPU.Build.0 = Debug|Any CPU
		{93976710-DAA4-4CAA-A9E3-296420DE39FE}.Release|Any CPU.ActiveCfg = Release|Any CPU
		{93976710-DAA4-4CAA-A9E3-296420DE39FE}.Release|Any CPU.Build.0 = Release|Any CPU
		{5B2E7BBE-A4BE-4BDC-9BFC-2A3C7E1DE214}.Debug|Any CPU.ActiveCfg = Debug|Any CPU
		{5B2E7BBE-A4BE-4BDC-9BFC-2A3C7E1DE214}.Debug|Any CPU.Build.0 = Debug|Any CPU
		{5B2E7BBE-A4BE-4BDC-9BFC-2A3C7E1DE214}.Release|Any CPU.ActiveCfg = Release|Any CPU
		{5B2E7BBE-A4BE-4BDC-9BFC-2A3C7E1DE214}.Release|Any CPU.Build.0 = Release|Any CPU
		{72227443-BC76-4A0B-92B9-5E814A003ECC}.Debug|Any CPU.ActiveCfg = Debug|Any CPU
		{72227443-BC76-4A0B-92B9-5E814A003ECC}.Debug|Any CPU.Build.0 = Debug|Any CPU
		{72227443-BC76-4A0B-92B9-5E814A003ECC}.Release|Any CPU.ActiveCfg = Release|Any CPU
		{72227443-BC76-4A0B-92B9-5E814A003ECC}.Release|Any CPU.Build.0 = Release|Any CPU
		{AF09F054-2A4B-4A5C-AE95-52D0C544504C}.Debug|Any CPU.ActiveCfg = Debug|Any CPU
		{AF09F054-2A4B-4A5C-AE95-52D0C544504C}.Debug|Any CPU.Build.0 = Debug|Any CPU
		{AF09F054-2A4B-4A5C-AE95-52D0C544504C}.Release|Any CPU.ActiveCfg = Release|Any CPU
		{AF09F054-2A4B-4A5C-AE95-52D0C544504C}.Release|Any CPU.Build.0 = Release|Any CPU
		{656CF6AB-E71A-4BE1-A673-07598D37FA89}.Debug|Any CPU.ActiveCfg = Debug|Any CPU
		{656CF6AB-E71A-4BE1-A673-07598D37FA89}.Debug|Any CPU.Build.0 = Debug|Any CPU
		{656CF6AB-E71A-4BE1-A673-07598D37FA89}.Release|Any CPU.ActiveCfg = Release|Any CPU
		{656CF6AB-E71A-4BE1-A673-07598D37FA89}.Release|Any CPU.Build.0 = Release|Any CPU
		{345ED4A4-3926-4897-B64B-E5DE3F402544}.Debug|Any CPU.ActiveCfg = Debug|Any CPU
		{345ED4A4-3926-4897-B64B-E5DE3F402544}.Debug|Any CPU.Build.0 = Debug|Any CPU
		{345ED4A4-3926-4897-B64B-E5DE3F402544}.Release|Any CPU.ActiveCfg = Release|Any CPU
		{345ED4A4-3926-4897-B64B-E5DE3F402544}.Release|Any CPU.Build.0 = Release|Any CPU
		{046A4FEB-11E6-4140-A2B7-392933084728}.Debug|Any CPU.ActiveCfg = Debug|Any CPU
		{046A4FEB-11E6-4140-A2B7-392933084728}.Debug|Any CPU.Build.0 = Debug|Any CPU
		{046A4FEB-11E6-4140-A2B7-392933084728}.Release|Any CPU.ActiveCfg = Release|Any CPU
		{046A4FEB-11E6-4140-A2B7-392933084728}.Release|Any CPU.Build.0 = Release|Any CPU
		{AD1C5233-7E8D-4BE5-97B9-6C9E5C8B51D8}.Debug|Any CPU.ActiveCfg = Debug|Any CPU
		{AD1C5233-7E8D-4BE5-97B9-6C9E5C8B51D8}.Debug|Any CPU.Build.0 = Debug|Any CPU
		{AD1C5233-7E8D-4BE5-97B9-6C9E5C8B51D8}.Release|Any CPU.ActiveCfg = Release|Any CPU
		{AD1C5233-7E8D-4BE5-97B9-6C9E5C8B51D8}.Release|Any CPU.Build.0 = Release|Any CPU
		{B1A7B67C-081E-46B1-AD5E-D03B1B1A39AF}.Debug|Any CPU.ActiveCfg = Debug|Any CPU
		{B1A7B67C-081E-46B1-AD5E-D03B1B1A39AF}.Debug|Any CPU.Build.0 = Debug|Any CPU
		{B1A7B67C-081E-46B1-AD5E-D03B1B1A39AF}.Release|Any CPU.ActiveCfg = Release|Any CPU
		{B1A7B67C-081E-46B1-AD5E-D03B1B1A39AF}.Release|Any CPU.Build.0 = Release|Any CPU
		{8D61DE29-67C7-46C7-A0AF-EF247D635D1E}.Debug|Any CPU.ActiveCfg = Debug|Any CPU
		{8D61DE29-67C7-46C7-A0AF-EF247D635D1E}.Debug|Any CPU.Build.0 = Debug|Any CPU
		{8D61DE29-67C7-46C7-A0AF-EF247D635D1E}.Release|Any CPU.ActiveCfg = Release|Any CPU
		{8D61DE29-67C7-46C7-A0AF-EF247D635D1E}.Release|Any CPU.Build.0 = Release|Any CPU
		{910BB903-E359-4A0E-861D-CC3AF42D3FA5}.Debug|Any CPU.ActiveCfg = Debug|Any CPU
		{910BB903-E359-4A0E-861D-CC3AF42D3FA5}.Debug|Any CPU.Build.0 = Debug|Any CPU
		{910BB903-E359-4A0E-861D-CC3AF42D3FA5}.Release|Any CPU.ActiveCfg = Release|Any CPU
		{910BB903-E359-4A0E-861D-CC3AF42D3FA5}.Release|Any CPU.Build.0 = Release|Any CPU
		{FBBC80F3-0A8C-42FD-8C62-E12CA40C9AA4}.Debug|Any CPU.ActiveCfg = Debug|Any CPU
		{FBBC80F3-0A8C-42FD-8C62-E12CA40C9AA4}.Debug|Any CPU.Build.0 = Debug|Any CPU
		{FBBC80F3-0A8C-42FD-8C62-E12CA40C9AA4}.Release|Any CPU.ActiveCfg = Release|Any CPU
		{FBBC80F3-0A8C-42FD-8C62-E12CA40C9AA4}.Release|Any CPU.Build.0 = Release|Any CPU
		{87D1ED15-0B83-4A9C-915F-0962106848CB}.Debug|Any CPU.ActiveCfg = Debug|Any CPU
		{87D1ED15-0B83-4A9C-915F-0962106848CB}.Debug|Any CPU.Build.0 = Debug|Any CPU
		{87D1ED15-0B83-4A9C-915F-0962106848CB}.Release|Any CPU.ActiveCfg = Release|Any CPU
		{87D1ED15-0B83-4A9C-915F-0962106848CB}.Release|Any CPU.Build.0 = Release|Any CPU
		{DFB82E14-2E28-4A2C-A5D3-94BEF7754A3A}.Debug|Any CPU.ActiveCfg = Debug|Any CPU
		{DFB82E14-2E28-4A2C-A5D3-94BEF7754A3A}.Debug|Any CPU.Build.0 = Debug|Any CPU
		{DFB82E14-2E28-4A2C-A5D3-94BEF7754A3A}.Release|Any CPU.ActiveCfg = Release|Any CPU
		{DFB82E14-2E28-4A2C-A5D3-94BEF7754A3A}.Release|Any CPU.Build.0 = Release|Any CPU
		{8BD104C1-3271-45B5-B8DE-0B6EDB0DA241}.Debug|Any CPU.ActiveCfg = Debug|Any CPU
		{8BD104C1-3271-45B5-B8DE-0B6EDB0DA241}.Debug|Any CPU.Build.0 = Debug|Any CPU
		{8BD104C1-3271-45B5-B8DE-0B6EDB0DA241}.Release|Any CPU.ActiveCfg = Release|Any CPU
		{8BD104C1-3271-45B5-B8DE-0B6EDB0DA241}.Release|Any CPU.Build.0 = Release|Any CPU
		{EA2777DA-4148-4221-BCEE-FA6384F90AE1}.Debug|Any CPU.ActiveCfg = Debug|Any CPU
		{EA2777DA-4148-4221-BCEE-FA6384F90AE1}.Debug|Any CPU.Build.0 = Debug|Any CPU
		{EA2777DA-4148-4221-BCEE-FA6384F90AE1}.Release|Any CPU.ActiveCfg = Release|Any CPU
		{EA2777DA-4148-4221-BCEE-FA6384F90AE1}.Release|Any CPU.Build.0 = Release|Any CPU
		{0F4D9C41-FA1C-4FDD-BDE7-78510A82C2B2}.Debug|Any CPU.ActiveCfg = Debug|Any CPU
		{0F4D9C41-FA1C-4FDD-BDE7-78510A82C2B2}.Debug|Any CPU.Build.0 = Debug|Any CPU
		{0F4D9C41-FA1C-4FDD-BDE7-78510A82C2B2}.Release|Any CPU.ActiveCfg = Release|Any CPU
		{0F4D9C41-FA1C-4FDD-BDE7-78510A82C2B2}.Release|Any CPU.Build.0 = Release|Any CPU
		{FB726CC0-2231-476A-BF27-517D5925D334}.Debug|Any CPU.ActiveCfg = Debug|Any CPU
		{FB726CC0-2231-476A-BF27-517D5925D334}.Debug|Any CPU.Build.0 = Debug|Any CPU
		{FB726CC0-2231-476A-BF27-517D5925D334}.Release|Any CPU.ActiveCfg = Release|Any CPU
		{FB726CC0-2231-476A-BF27-517D5925D334}.Release|Any CPU.Build.0 = Release|Any CPU
		{63601089-F369-4E69-91E2-F716C1233ACC}.Debug|Any CPU.ActiveCfg = Debug|Any CPU
		{63601089-F369-4E69-91E2-F716C1233ACC}.Debug|Any CPU.Build.0 = Debug|Any CPU
		{63601089-F369-4E69-91E2-F716C1233ACC}.Release|Any CPU.ActiveCfg = Release|Any CPU
		{63601089-F369-4E69-91E2-F716C1233ACC}.Release|Any CPU.Build.0 = Release|Any CPU
		{A173DA16-517D-45E6-81B8-1F76609CB5C9}.Debug|Any CPU.ActiveCfg = Debug|Any CPU
		{A173DA16-517D-45E6-81B8-1F76609CB5C9}.Debug|Any CPU.Build.0 = Debug|Any CPU
		{A173DA16-517D-45E6-81B8-1F76609CB5C9}.Release|Any CPU.ActiveCfg = Release|Any CPU
		{A173DA16-517D-45E6-81B8-1F76609CB5C9}.Release|Any CPU.Build.0 = Release|Any CPU
		{B7A3199D-407F-455E-9013-E5174635405B}.Debug|Any CPU.ActiveCfg = Debug|Any CPU
		{B7A3199D-407F-455E-9013-E5174635405B}.Debug|Any CPU.Build.0 = Debug|Any CPU
		{B7A3199D-407F-455E-9013-E5174635405B}.Release|Any CPU.ActiveCfg = Release|Any CPU
		{B7A3199D-407F-455E-9013-E5174635405B}.Release|Any CPU.Build.0 = Release|Any CPU
		{531F873B-9700-423F-99EB-08C39401F7C9}.Debug|Any CPU.ActiveCfg = Debug|Any CPU
		{531F873B-9700-423F-99EB-08C39401F7C9}.Debug|Any CPU.Build.0 = Debug|Any CPU
		{531F873B-9700-423F-99EB-08C39401F7C9}.Release|Any CPU.ActiveCfg = Release|Any CPU
		{531F873B-9700-423F-99EB-08C39401F7C9}.Release|Any CPU.Build.0 = Release|Any CPU
		{5BDB82A5-E576-4606-8E0C-2700339A5325}.Debug|Any CPU.ActiveCfg = Debug|Any CPU
		{5BDB82A5-E576-4606-8E0C-2700339A5325}.Debug|Any CPU.Build.0 = Debug|Any CPU
		{5BDB82A5-E576-4606-8E0C-2700339A5325}.Release|Any CPU.ActiveCfg = Release|Any CPU
		{5BDB82A5-E576-4606-8E0C-2700339A5325}.Release|Any CPU.Build.0 = Release|Any CPU
		{5B9CFB56-86BC-4C5C-B15D-9DE5E84F7E6E}.Debug|Any CPU.ActiveCfg = Debug|Any CPU
		{5B9CFB56-86BC-4C5C-B15D-9DE5E84F7E6E}.Debug|Any CPU.Build.0 = Debug|Any CPU
		{5B9CFB56-86BC-4C5C-B15D-9DE5E84F7E6E}.Release|Any CPU.ActiveCfg = Release|Any CPU
		{5B9CFB56-86BC-4C5C-B15D-9DE5E84F7E6E}.Release|Any CPU.Build.0 = Release|Any CPU
		{FC743DBA-272B-4995-9A9F-365030BCEA1B}.Debug|Any CPU.ActiveCfg = Debug|Any CPU
		{FC743DBA-272B-4995-9A9F-365030BCEA1B}.Debug|Any CPU.Build.0 = Debug|Any CPU
		{FC743DBA-272B-4995-9A9F-365030BCEA1B}.Release|Any CPU.ActiveCfg = Release|Any CPU
		{FC743DBA-272B-4995-9A9F-365030BCEA1B}.Release|Any CPU.Build.0 = Release|Any CPU
		{9DB768AC-46AA-44E2-90E3-54F44ABCBF5B}.Debug|Any CPU.ActiveCfg = Debug|Any CPU
		{9DB768AC-46AA-44E2-90E3-54F44ABCBF5B}.Debug|Any CPU.Build.0 = Debug|Any CPU
		{9DB768AC-46AA-44E2-90E3-54F44ABCBF5B}.Release|Any CPU.ActiveCfg = Release|Any CPU
		{9DB768AC-46AA-44E2-90E3-54F44ABCBF5B}.Release|Any CPU.Build.0 = Release|Any CPU
		{9FF669F3-4BC1-4A7B-9A0C-E5AD2B3AF713}.Debug|Any CPU.ActiveCfg = Debug|Any CPU
		{9FF669F3-4BC1-4A7B-9A0C-E5AD2B3AF713}.Debug|Any CPU.Build.0 = Debug|Any CPU
		{9FF669F3-4BC1-4A7B-9A0C-E5AD2B3AF713}.Release|Any CPU.ActiveCfg = Release|Any CPU
		{9FF669F3-4BC1-4A7B-9A0C-E5AD2B3AF713}.Release|Any CPU.Build.0 = Release|Any CPU
		{7D8249BE-A03D-4132-8CFB-71D048A9C611}.Debug|Any CPU.ActiveCfg = Debug|Any CPU
		{7D8249BE-A03D-4132-8CFB-71D048A9C611}.Debug|Any CPU.Build.0 = Debug|Any CPU
		{7D8249BE-A03D-4132-8CFB-71D048A9C611}.Release|Any CPU.ActiveCfg = Release|Any CPU
		{7D8249BE-A03D-4132-8CFB-71D048A9C611}.Release|Any CPU.Build.0 = Release|Any CPU
		{B20E71DA-4101-41B9-8B03-FB1C627DBFFF}.Debug|Any CPU.ActiveCfg = Debug|Any CPU
		{B20E71DA-4101-41B9-8B03-FB1C627DBFFF}.Debug|Any CPU.Build.0 = Debug|Any CPU
		{B20E71DA-4101-41B9-8B03-FB1C627DBFFF}.Release|Any CPU.ActiveCfg = Release|Any CPU
		{B20E71DA-4101-41B9-8B03-FB1C627DBFFF}.Release|Any CPU.Build.0 = Release|Any CPU
		{43F2E23E-125F-466B-B019-093E71E49989}.Debug|Any CPU.ActiveCfg = Debug|Any CPU
		{43F2E23E-125F-466B-B019-093E71E49989}.Debug|Any CPU.Build.0 = Debug|Any CPU
		{43F2E23E-125F-466B-B019-093E71E49989}.Release|Any CPU.ActiveCfg = Release|Any CPU
		{43F2E23E-125F-466B-B019-093E71E49989}.Release|Any CPU.Build.0 = Release|Any CPU
		{5DB9D83F-0C36-4A15-8482-F2643DF0259A}.Debug|Any CPU.ActiveCfg = Debug|Any CPU
		{5DB9D83F-0C36-4A15-8482-F2643DF0259A}.Debug|Any CPU.Build.0 = Debug|Any CPU
		{5DB9D83F-0C36-4A15-8482-F2643DF0259A}.Release|Any CPU.ActiveCfg = Release|Any CPU
		{5DB9D83F-0C36-4A15-8482-F2643DF0259A}.Release|Any CPU.Build.0 = Release|Any CPU
		{816359DD-B430-4A4A-B780-906076E7D9BC}.Debug|Any CPU.ActiveCfg = Debug|Any CPU
		{816359DD-B430-4A4A-B780-906076E7D9BC}.Debug|Any CPU.Build.0 = Debug|Any CPU
		{816359DD-B430-4A4A-B780-906076E7D9BC}.Release|Any CPU.ActiveCfg = Release|Any CPU
		{816359DD-B430-4A4A-B780-906076E7D9BC}.Release|Any CPU.Build.0 = Release|Any CPU
		{2E1C9F28-8A3B-45CA-A970-4CA8BA640A6F}.Debug|Any CPU.ActiveCfg = Debug|Any CPU
		{2E1C9F28-8A3B-45CA-A970-4CA8BA640A6F}.Debug|Any CPU.Build.0 = Debug|Any CPU
		{2E1C9F28-8A3B-45CA-A970-4CA8BA640A6F}.Release|Any CPU.ActiveCfg = Release|Any CPU
		{2E1C9F28-8A3B-45CA-A970-4CA8BA640A6F}.Release|Any CPU.Build.0 = Release|Any CPU
		{146A5AD9-D52C-4255-B1E7-75EB05BB2F2C}.Debug|Any CPU.ActiveCfg = Debug|Any CPU
		{146A5AD9-D52C-4255-B1E7-75EB05BB2F2C}.Debug|Any CPU.Build.0 = Debug|Any CPU
		{146A5AD9-D52C-4255-B1E7-75EB05BB2F2C}.Release|Any CPU.ActiveCfg = Release|Any CPU
		{146A5AD9-D52C-4255-B1E7-75EB05BB2F2C}.Release|Any CPU.Build.0 = Release|Any CPU
	EndGlobalSection
	GlobalSection(SolutionProperties) = preSolution
		HideSolutionNode = FALSE
	EndGlobalSection
	GlobalSection(NestedProjects) = preSolution
		{62610E01-3660-4D42-9782-F82D55DE70ED} = {956F8D7C-D65F-4833-8341-ACDC3E303FD3}
		{DC153925-8661-4E19-8310-1EB396258487} = {956F8D7C-D65F-4833-8341-ACDC3E303FD3}
		{4CED677D-9F75-45DA-A4AA-37E949804598} = {956F8D7C-D65F-4833-8341-ACDC3E303FD3}
		{B388143C-DCBB-4EB7-A863-FAE192F5EE2A} = {956F8D7C-D65F-4833-8341-ACDC3E303FD3}
		{008F2CEE-6D8A-4448-82C3-1ABAA0740BAB} = {956F8D7C-D65F-4833-8341-ACDC3E303FD3}
		{7738CB2E-C8B0-46A2-862A-07CC14EA68BE} = {956F8D7C-D65F-4833-8341-ACDC3E303FD3}
		{7D3288D6-5F6B-4FBE-9F5D-E40971B6E0E7} = {38B22228-1729-4279-9248-2BC57E4D4F41}
		{C0BD2CA3-A5F0-4EDB-A5C5-EA0B4787B02F} = {38B22228-1729-4279-9248-2BC57E4D4F41}
		{3C2987A6-7DAE-49C8-987D-F9839EAD74B3} = {38B22228-1729-4279-9248-2BC57E4D4F41}
		{9AE51F65-7EC8-464B-BF64-21B77E34A90E} = {38B22228-1729-4279-9248-2BC57E4D4F41}
		{DCF20F0B-9002-484F-9E43-C3957A88EDAE} = {7D3288D6-5F6B-4FBE-9F5D-E40971B6E0E7}
		{73703712-DA92-46FD-9BFF-A14B9C594E23} = {7D3288D6-5F6B-4FBE-9F5D-E40971B6E0E7}
		{C65E0D94-515C-44FE-BF86-78B7AEF558DE} = {7D3288D6-5F6B-4FBE-9F5D-E40971B6E0E7}
		{41051DAF-CE65-48EF-A972-DF2D14034D77} = {7D3288D6-5F6B-4FBE-9F5D-E40971B6E0E7}
		{BF09562C-C88D-4448-97B0-24CBF8A6E8F2} = {7D3288D6-5F6B-4FBE-9F5D-E40971B6E0E7}
		{FFF694E7-7D74-47A7-8FAD-D31A88C4B264} = {7D3288D6-5F6B-4FBE-9F5D-E40971B6E0E7}
		{E84F6615-ECD0-42AE-A0C1-FB08D1C34DA7} = {C0BD2CA3-A5F0-4EDB-A5C5-EA0B4787B02F}
		{5E88C730-3EEC-4D6A-891C-A30A32143DE8} = {C0BD2CA3-A5F0-4EDB-A5C5-EA0B4787B02F}
		{D19A2D34-6FAD-418E-B906-8956D507E916} = {C0BD2CA3-A5F0-4EDB-A5C5-EA0B4787B02F}
		{E5EF76B3-EE15-4DF4-9C46-AE6D68C62C74} = {C0BD2CA3-A5F0-4EDB-A5C5-EA0B4787B02F}
		{CAC3C37D-DEC3-49CE-978B-3BEC37C18F96} = {C0BD2CA3-A5F0-4EDB-A5C5-EA0B4787B02F}
		{01999481-F11A-4B31-8A24-2726CDB650B2} = {C0BD2CA3-A5F0-4EDB-A5C5-EA0B4787B02F}
		{ABD5A5C9-AA52-459F-BB0D-498AE98DA079} = {C0BD2CA3-A5F0-4EDB-A5C5-EA0B4787B02F}
		{00E8240B-758D-4F19-ACBD-9983DC1E233A} = {C0BD2CA3-A5F0-4EDB-A5C5-EA0B4787B02F}
		{54234284-F9DD-41A2-AF41-E44BC6C435EB} = {3C2987A6-7DAE-49C8-987D-F9839EAD74B3}
		{93976710-DAA4-4CAA-A9E3-296420DE39FE} = {3C2987A6-7DAE-49C8-987D-F9839EAD74B3}
		{5B2E7BBE-A4BE-4BDC-9BFC-2A3C7E1DE214} = {3C2987A6-7DAE-49C8-987D-F9839EAD74B3}
		{72227443-BC76-4A0B-92B9-5E814A003ECC} = {9AE51F65-7EC8-464B-BF64-21B77E34A90E}
		{AF09F054-2A4B-4A5C-AE95-52D0C544504C} = {9AE51F65-7EC8-464B-BF64-21B77E34A90E}
		{656CF6AB-E71A-4BE1-A673-07598D37FA89} = {9AE51F65-7EC8-464B-BF64-21B77E34A90E}
		{345ED4A4-3926-4897-B64B-E5DE3F402544} = {9AE51F65-7EC8-464B-BF64-21B77E34A90E}
		{046A4FEB-11E6-4140-A2B7-392933084728} = {9AE51F65-7EC8-464B-BF64-21B77E34A90E}
		{AD1C5233-7E8D-4BE5-97B9-6C9E5C8B51D8} = {9AE51F65-7EC8-464B-BF64-21B77E34A90E}
		{B1A7B67C-081E-46B1-AD5E-D03B1B1A39AF} = {9AE51F65-7EC8-464B-BF64-21B77E34A90E}
		{8D61DE29-67C7-46C7-A0AF-EF247D635D1E} = {38B22228-1729-4279-9248-2BC57E4D4F41}
		{910BB903-E359-4A0E-861D-CC3AF42D3FA5} = {38B22228-1729-4279-9248-2BC57E4D4F41}
		{FBBC80F3-0A8C-42FD-8C62-E12CA40C9AA4} = {38B22228-1729-4279-9248-2BC57E4D4F41}
		{62870EC8-EA78-450E-9198-FF68195693F6} = {66737660-995E-4368-A8A7-26E4759DCD4D}
		{87D1ED15-0B83-4A9C-915F-0962106848CB} = {62870EC8-EA78-450E-9198-FF68195693F6}
		{DFB82E14-2E28-4A2C-A5D3-94BEF7754A3A} = {62870EC8-EA78-450E-9198-FF68195693F6}
		{8BD104C1-3271-45B5-B8DE-0B6EDB0DA241} = {62870EC8-EA78-450E-9198-FF68195693F6}
		{EA2777DA-4148-4221-BCEE-FA6384F90AE1} = {ADC61811-1363-4FCD-9C2D-8BD40FACD78E}
		{ADC61811-1363-4FCD-9C2D-8BD40FACD78E} = {66737660-995E-4368-A8A7-26E4759DCD4D}
		{0F4D9C41-FA1C-4FDD-BDE7-78510A82C2B2} = {9197B908-1AE4-4D4C-A11F-93CF258E836A}
		{FB726CC0-2231-476A-BF27-517D5925D334} = {9197B908-1AE4-4D4C-A11F-93CF258E836A}
		{63601089-F369-4E69-91E2-F716C1233ACC} = {9197B908-1AE4-4D4C-A11F-93CF258E836A}
		{A173DA16-517D-45E6-81B8-1F76609CB5C9} = {9197B908-1AE4-4D4C-A11F-93CF258E836A}
		{954ABF8C-329F-4AB9-A1E5-C8F65DF6C87E} = {9197B908-1AE4-4D4C-A11F-93CF258E836A}
		{B7A3199D-407F-455E-9013-E5174635405B} = {954ABF8C-329F-4AB9-A1E5-C8F65DF6C87E}
		{531F873B-9700-423F-99EB-08C39401F7C9} = {954ABF8C-329F-4AB9-A1E5-C8F65DF6C87E}
		{687ECFDC-8CFD-44C0-9FF3-A01265DE92EF} = {8B096448-80FF-4148-9193-474CB0C159C8}
		{5BDB82A5-E576-4606-8E0C-2700339A5325} = {687ECFDC-8CFD-44C0-9FF3-A01265DE92EF}
		{5B9CFB56-86BC-4C5C-B15D-9DE5E84F7E6E} = {687ECFDC-8CFD-44C0-9FF3-A01265DE92EF}
		{FC743DBA-272B-4995-9A9F-365030BCEA1B} = {687ECFDC-8CFD-44C0-9FF3-A01265DE92EF}
		{9DB768AC-46AA-44E2-90E3-54F44ABCBF5B} = {8B096448-80FF-4148-9193-474CB0C159C8}
		{C6E3C602-C0AE-49AB-BC03-0117FA7C6163} = {8B096448-80FF-4148-9193-474CB0C159C8}
		{9FF669F3-4BC1-4A7B-9A0C-E5AD2B3AF713} = {C6E3C602-C0AE-49AB-BC03-0117FA7C6163}
		{7D8249BE-A03D-4132-8CFB-71D048A9C611} = {C6E3C602-C0AE-49AB-BC03-0117FA7C6163}
		{B20E71DA-4101-41B9-8B03-FB1C627DBFFF} = {C6E3C602-C0AE-49AB-BC03-0117FA7C6163}
		{0EBAC8A5-B026-4B8E-A031-92235966EA99} = {8B096448-80FF-4148-9193-474CB0C159C8}
		{43F2E23E-125F-466B-B019-093E71E49989} = {0EBAC8A5-B026-4B8E-A031-92235966EA99}
		{5DB9D83F-0C36-4A15-8482-F2643DF0259A} = {0EBAC8A5-B026-4B8E-A031-92235966EA99}
		{816359DD-B430-4A4A-B780-906076E7D9BC} = {0EBAC8A5-B026-4B8E-A031-92235966EA99}
		{2E1C9F28-8A3B-45CA-A970-4CA8BA640A6F} = {0EBAC8A5-B026-4B8E-A031-92235966EA99}
		{146A5AD9-D52C-4255-B1E7-75EB05BB2F2C} = {7F4072D2-3EE3-4048-859A-C9D3597D8104}
	EndGlobalSection
	GlobalSection(ExtensibilityGlobals) = postSolution
		SolutionGuid = {1A1EE13F-7B42-4CDE-8670-784BCB373EAA}
	EndGlobalSection
EndGlobal
