
Microsoft Visual Studio Solution File, Format Version 12.00
# Visual Studio Version 16
VisualStudioVersion = 16.0.31702.278
MinimumVisualStudioVersion = 10.0.40219.1
Project("{9A19103F-16F7-4668-BE54-9A1E7A4F7556}") = "Exercicio1.1", "ExerciciosCSharp\Exercicio1.1.csproj", "{62610E01-3660-4D42-9782-F82D55DE70ED}"
EndProject
Project("{2150E333-8FDC-42A3-9474-1A3956D46DE8}") = "Secao01", "Secao01", "{956F8D7C-D65F-4833-8341-ACDC3E303FD3}"
EndProject
Project("{9A19103F-16F7-4668-BE54-9A1E7A4F7556}") = "Exercicio1.2", "ExercicioLogica02\Exercicio1.2.csproj", "{DC153925-8661-4E19-8310-1EB396258487}"
EndProject
Project("{FAE04EC0-301F-11D3-BF4B-00C04F79EFBC}") = "Exercicio2.1", "ExercicioLogica03\Exercicio2.1.csproj", "{4CED677D-9F75-45DA-A4AA-37E949804598}"
EndProject
Project("{FAE04EC0-301F-11D3-BF4B-00C04F79EFBC}") = "Exercicio2.2 - Corrigir", "Exercicio2.2\Exercicio2.2 - Corrigir.csproj", "{B388143C-DCBB-4EB7-A863-FAE192F5EE2A}"
EndProject
Project("{FAE04EC0-301F-11D3-BF4B-00C04F79EFBC}") = "Exercicio3.1", "Exercicio3.1\Exercicio3.1.csproj", "{008F2CEE-6D8A-4448-82C3-1ABAA0740BAB}"
EndProject
Project("{FAE04EC0-301F-11D3-BF4B-00C04F79EFBC}") = "Exercicio3.2", "Exercicio3.2\Exercicio3.2.csproj", "{7738CB2E-C8B0-46A2-862A-07CC14EA68BE}"
EndProject
Project("{2150E333-8FDC-42A3-9474-1A3956D46DE8}") = "Secao03", "Secao03", "{38B22228-1729-4279-9248-2BC57E4D4F41}"
EndProject
Project("{2150E333-8FDC-42A3-9474-1A3956D46DE8}") = "01-Sequencial", "01-Sequencial", "{7D3288D6-5F6B-4FBE-9F5D-E40971B6E0E7}"
EndProject
Project("{2150E333-8FDC-42A3-9474-1A3956D46DE8}") = "02-Condicional", "02-Condicional", "{C0BD2CA3-A5F0-4EDB-A5C5-EA0B4787B02F}"
EndProject
Project("{2150E333-8FDC-42A3-9474-1A3956D46DE8}") = "03-While", "03-While", "{3C2987A6-7DAE-49C8-987D-F9839EAD74B3}"
EndProject
Project("{2150E333-8FDC-42A3-9474-1A3956D46DE8}") = "04-For", "04-For", "{9AE51F65-7EC8-464B-BF64-21B77E34A90E}"
EndProject
Project("{FAE04EC0-301F-11D3-BF4B-00C04F79EFBC}") = "Exercicio01", "Exercicio01\Exercicio01.csproj", "{DCF20F0B-9002-484F-9E43-C3957A88EDAE}"
EndProject
Project("{FAE04EC0-301F-11D3-BF4B-00C04F79EFBC}") = "Exercicio02", "Exercicio02\Exercicio02.csproj", "{73703712-DA92-46FD-9BFF-A14B9C594E23}"
EndProject
Global
	GlobalSection(SolutionConfigurationPlatforms) = preSolution
		Debug|Any CPU = Debug|Any CPU
		Release|Any CPU = Release|Any CPU
	EndGlobalSection
	GlobalSection(ProjectConfigurationPlatforms) = postSolution
		{62610E01-3660-4D42-9782-F82D55DE70ED}.Debug|Any CPU.ActiveCfg = Debug|Any CPU
		{62610E01-3660-4D42-9782-F82D55DE70ED}.Debug|Any CPU.Build.0 = Debug|Any CPU
		{62610E01-3660-4D42-9782-F82D55DE70ED}.Release|Any CPU.ActiveCfg = Release|Any CPU
		{62610E01-3660-4D42-9782-F82D55DE70ED}.Release|Any CPU.Build.0 = Release|Any CPU
		{DC153925-8661-4E19-8310-1EB396258487}.Debug|Any CPU.ActiveCfg = Debug|Any CPU
		{DC153925-8661-4E19-8310-1EB396258487}.Debug|Any CPU.Build.0 = Debug|Any CPU
		{DC153925-8661-4E19-8310-1EB396258487}.Release|Any CPU.ActiveCfg = Release|Any CPU
		{DC153925-8661-4E19-8310-1EB396258487}.Release|Any CPU.Build.0 = Release|Any CPU
		{4CED677D-9F75-45DA-A4AA-37E949804598}.Debug|Any CPU.ActiveCfg = Debug|Any CPU
		{4CED677D-9F75-45DA-A4AA-37E949804598}.Debug|Any CPU.Build.0 = Debug|Any CPU
		{4CED677D-9F75-45DA-A4AA-37E949804598}.Release|Any CPU.ActiveCfg = Release|Any CPU
		{4CED677D-9F75-45DA-A4AA-37E949804598}.Release|Any CPU.Build.0 = Release|Any CPU
		{B388143C-DCBB-4EB7-A863-FAE192F5EE2A}.Debug|Any CPU.ActiveCfg = Debug|Any CPU
		{B388143C-DCBB-4EB7-A863-FAE192F5EE2A}.Debug|Any CPU.Build.0 = Debug|Any CPU
		{B388143C-DCBB-4EB7-A863-FAE192F5EE2A}.Release|Any CPU.ActiveCfg = Release|Any CPU
		{B388143C-DCBB-4EB7-A863-FAE192F5EE2A}.Release|Any CPU.Build.0 = Release|Any CPU
		{008F2CEE-6D8A-4448-82C3-1ABAA0740BAB}.Debug|Any CPU.ActiveCfg = Debug|Any CPU
		{008F2CEE-6D8A-4448-82C3-1ABAA0740BAB}.Debug|Any CPU.Build.0 = Debug|Any CPU
		{008F2CEE-6D8A-4448-82C3-1ABAA0740BAB}.Release|Any CPU.ActiveCfg = Release|Any CPU
		{008F2CEE-6D8A-4448-82C3-1ABAA0740BAB}.Release|Any CPU.Build.0 = Release|Any CPU
		{7738CB2E-C8B0-46A2-862A-07CC14EA68BE}.Debug|Any CPU.ActiveCfg = Debug|Any CPU
		{7738CB2E-C8B0-46A2-862A-07CC14EA68BE}.Debug|Any CPU.Build.0 = Debug|Any CPU
		{7738CB2E-C8B0-46A2-862A-07CC14EA68BE}.Release|Any CPU.ActiveCfg = Release|Any CPU
		{7738CB2E-C8B0-46A2-862A-07CC14EA68BE}.Release|Any CPU.Build.0 = Release|Any CPU
		{DCF20F0B-9002-484F-9E43-C3957A88EDAE}.Debug|Any CPU.ActiveCfg = Debug|Any CPU
		{DCF20F0B-9002-484F-9E43-C3957A88EDAE}.Debug|Any CPU.Build.0 = Debug|Any CPU
		{DCF20F0B-9002-484F-9E43-C3957A88EDAE}.Release|Any CPU.ActiveCfg = Release|Any CPU
		{DCF20F0B-9002-484F-9E43-C3957A88EDAE}.Release|Any CPU.Build.0 = Release|Any CPU
		{73703712-DA92-46FD-9BFF-A14B9C594E23}.Debug|Any CPU.ActiveCfg = Debug|Any CPU
		{73703712-DA92-46FD-9BFF-A14B9C594E23}.Debug|Any CPU.Build.0 = Debug|Any CPU
		{73703712-DA92-46FD-9BFF-A14B9C594E23}.Release|Any CPU.ActiveCfg = Release|Any CPU
		{73703712-DA92-46FD-9BFF-A14B9C594E23}.Release|Any CPU.Build.0 = Release|Any CPU
	EndGlobalSection
	GlobalSection(SolutionProperties) = preSolution
		HideSolutionNode = FALSE
	EndGlobalSection
	GlobalSection(NestedProjects) = preSolution
		{62610E01-3660-4D42-9782-F82D55DE70ED} = {956F8D7C-D65F-4833-8341-ACDC3E303FD3}
		{DC153925-8661-4E19-8310-1EB396258487} = {956F8D7C-D65F-4833-8341-ACDC3E303FD3}
		{4CED677D-9F75-45DA-A4AA-37E949804598} = {956F8D7C-D65F-4833-8341-ACDC3E303FD3}
		{B388143C-DCBB-4EB7-A863-FAE192F5EE2A} = {956F8D7C-D65F-4833-8341-ACDC3E303FD3}
		{008F2CEE-6D8A-4448-82C3-1ABAA0740BAB} = {956F8D7C-D65F-4833-8341-ACDC3E303FD3}
		{7738CB2E-C8B0-46A2-862A-07CC14EA68BE} = {956F8D7C-D65F-4833-8341-ACDC3E303FD3}
		{7D3288D6-5F6B-4FBE-9F5D-E40971B6E0E7} = {38B22228-1729-4279-9248-2BC57E4D4F41}
		{C0BD2CA3-A5F0-4EDB-A5C5-EA0B4787B02F} = {38B22228-1729-4279-9248-2BC57E4D4F41}
		{3C2987A6-7DAE-49C8-987D-F9839EAD74B3} = {38B22228-1729-4279-9248-2BC57E4D4F41}
		{9AE51F65-7EC8-464B-BF64-21B77E34A90E} = {38B22228-1729-4279-9248-2BC57E4D4F41}
		{DCF20F0B-9002-484F-9E43-C3957A88EDAE} = {7D3288D6-5F6B-4FBE-9F5D-E40971B6E0E7}
		{73703712-DA92-46FD-9BFF-A14B9C594E23} = {7D3288D6-5F6B-4FBE-9F5D-E40971B6E0E7}
	EndGlobalSection
	GlobalSection(ExtensibilityGlobals) = postSolution
		SolutionGuid = {1A1EE13F-7B42-4CDE-8670-784BCB373EAA}
	EndGlobalSection
EndGlobal
