
Microsoft Visual Studio Solution File, Format Version 12.00
# Visual Studio Version 16
VisualStudioVersion = 16.0.31702.278
MinimumVisualStudioVersion = 10.0.40219.1
Project("{9A19103F-16F7-4668-BE54-9A1E7A4F7556}") = "Exercicio1.1", "ExerciciosCSharp\Exercicio1.1.csproj", "{62610E01-3660-4D42-9782-F82D55DE70ED}"
EndProject
Project("{2150E333-8FDC-42A3-9474-1A3956D46DE8}") = "Secao01", "Secao01", "{956F8D7C-D65F-4833-8341-ACDC3E303FD3}"
EndProject
Project("{9A19103F-16F7-4668-BE54-9A1E7A4F7556}") = "Exercicio1.2", "ExercicioLogica02\Exercicio1.2.csproj", "{DC153925-8661-4E19-8310-1EB396258487}"
EndProject
Project("{9A19103F-16F7-4668-BE54-9A1E7A4F7556}") = "Exercicio2.1", "ExercicioLogica03\Exercicio2.1.csproj", "{4CED677D-9F75-45DA-A4AA-37E949804598}"
EndProject
Project("{9A19103F-16F7-4668-BE54-9A1E7A4F7556}") = "Exercicio2.2 - Corrigir", "Exercicio2.2\Exercicio2.2 - Corrigir.csproj", "{B388143C-DCBB-4EB7-A863-FAE192F5EE2A}"
EndProject
Project("{9A19103F-16F7-4668-BE54-9A1E7A4F7556}") = "Exercicio3.1", "Exercicio3.1\Exercicio3.1.csproj", "{008F2CEE-6D8A-4448-82C3-1ABAA0740BAB}"
EndProject
Project("{9A19103F-16F7-4668-BE54-9A1E7A4F7556}") = "Exercicio3.2", "Exercicio3.2\Exercicio3.2.csproj", "{7738CB2E-C8B0-46A2-862A-07CC14EA68BE}"
EndProject
Project("{2150E333-8FDC-42A3-9474-1A3956D46DE8}") = "Secao03", "Secao03", "{38B22228-1729-4279-9248-2BC57E4D4F41}"
EndProject
Project("{2150E333-8FDC-42A3-9474-1A3956D46DE8}") = "01-Sequencial", "01-Sequencial", "{7D3288D6-5F6B-4FBE-9F5D-E40971B6E0E7}"
EndProject
Project("{2150E333-8FDC-42A3-9474-1A3956D46DE8}") = "02-Condicional", "02-Condicional", "{C0BD2CA3-A5F0-4EDB-A5C5-EA0B4787B02F}"
EndProject
Project("{2150E333-8FDC-42A3-9474-1A3956D46DE8}") = "03-While", "03-While", "{3C2987A6-7DAE-49C8-987D-F9839EAD74B3}"
EndProject
Project("{2150E333-8FDC-42A3-9474-1A3956D46DE8}") = "04-For", "04-For", "{9AE51F65-7EC8-464B-BF64-21B77E34A90E}"
EndProject
Project("{9A19103F-16F7-4668-BE54-9A1E7A4F7556}") = "ExercicioSeq01", "Exercicio01\ExercicioSeq01.csproj", "{DCF20F0B-9002-484F-9E43-C3957A88EDAE}"
EndProject
Project("{9A19103F-16F7-4668-BE54-9A1E7A4F7556}") = "ExercicioSeq02", "Exercicio02\ExercicioSeq02.csproj", "{73703712-DA92-46FD-9BFF-A14B9C594E23}"
EndProject
Project("{9A19103F-16F7-4668-BE54-9A1E7A4F7556}") = "ExercicioSeq03", "Exercicio03\ExercicioSeq03.csproj", "{C65E0D94-515C-44FE-BF86-78B7AEF558DE}"
EndProject
Project("{9A19103F-16F7-4668-BE54-9A1E7A4F7556}") = "ExercicioSeq04", "Exercicio04\ExercicioSeq04.csproj", "{41051DAF-CE65-48EF-A972-DF2D14034D77}"
EndProject
Project("{9A19103F-16F7-4668-BE54-9A1E7A4F7556}") = "ExercicioSeq05", "Exercicio05\ExercicioSeq05.csproj", "{BF09562C-C88D-4448-97B0-24CBF8A6E8F2}"
EndProject
Project("{9A19103F-16F7-4668-BE54-9A1E7A4F7556}") = "ExercicioSeq06", "Exercicio06\ExercicioSeq06.csproj", "{FFF694E7-7D74-47A7-8FAD-D31A88C4B264}"
EndProject
Project("{9A19103F-16F7-4668-BE54-9A1E7A4F7556}") = "ExercicioCond01", "ExercicioCond01\ExercicioCond01.csproj", "{E84F6615-ECD0-42AE-A0C1-FB08D1C34DA7}"
EndProject
Project("{9A19103F-16F7-4668-BE54-9A1E7A4F7556}") = "ExercicioCond02", "ExercicioCond02\ExercicioCond02.csproj", "{5E88C730-3EEC-4D6A-891C-A30A32143DE8}"
EndProject
Project("{9A19103F-16F7-4668-BE54-9A1E7A4F7556}") = "ExercicioCond03", "ExercicioCond03\ExercicioCond03.csproj", "{D19A2D34-6FAD-418E-B906-8956D507E916}"
EndProject
Project("{9A19103F-16F7-4668-BE54-9A1E7A4F7556}") = "ExercicioCond04", "ExercicioCond04\ExercicioCond04.csproj", "{E5EF76B3-EE15-4DF4-9C46-AE6D68C62C74}"
EndProject
Project("{9A19103F-16F7-4668-BE54-9A1E7A4F7556}") = "ExercicioCond05", "ExercicioCond05\ExercicioCond05.csproj", "{CAC3C37D-DEC3-49CE-978B-3BEC37C18F96}"
EndProject
Project("{9A19103F-16F7-4668-BE54-9A1E7A4F7556}") = "ExercicioCond06", "ExercicioCond06\ExercicioCond06.csproj", "{01999481-F11A-4B31-8A24-2726CDB650B2}"
EndProject
Project("{9A19103F-16F7-4668-BE54-9A1E7A4F7556}") = "ExercicioCond07", "ExercicioCond07\ExercicioCond07.csproj", "{ABD5A5C9-AA52-459F-BB0D-498AE98DA079}"
EndProject
Project("{9A19103F-16F7-4668-BE54-9A1E7A4F7556}") = "ExercicioCond08", "ExercicioCond08\ExercicioCond08.csproj", "{00E8240B-758D-4F19-ACBD-9983DC1E233A}"
EndProject
Project("{9A19103F-16F7-4668-BE54-9A1E7A4F7556}") = "ExercicioWhile01", "ExercicioWhile01\ExercicioWhile01.csproj", "{54234284-F9DD-41A2-AF41-E44BC6C435EB}"
EndProject
Project("{9A19103F-16F7-4668-BE54-9A1E7A4F7556}") = "ExercicioWhile02", "ExercicioWhile02\ExercicioWhile02.csproj", "{93976710-DAA4-4CAA-A9E3-296420DE39FE}"
EndProject
Project("{9A19103F-16F7-4668-BE54-9A1E7A4F7556}") = "ExercicioWhile03", "ExercicioWhile03\ExercicioWhile03.csproj", "{5B2E7BBE-A4BE-4BDC-9BFC-2A3C7E1DE214}"
EndProject
Project("{FAE04EC0-301F-11D3-BF4B-00C04F79EFBC}") = "ExercicioFor01", "ExercicioFor01\ExercicioFor01.csproj", "{72227443-BC76-4A0B-92B9-5E814A003ECC}"
EndProject
Project("{FAE04EC0-301F-11D3-BF4B-00C04F79EFBC}") = "ExercicioFor02", "ExercicioFor02\ExercicioFor02.csproj", "{AF09F054-2A4B-4A5C-AE95-52D0C544504C}"
EndProject
Project("{FAE04EC0-301F-11D3-BF4B-00C04F79EFBC}") = "ExercicioFor03", "ExercicioFor03\ExercicioFor03.csproj", "{656CF6AB-E71A-4BE1-A673-07598D37FA89}"
EndProject
Global
	GlobalSection(SolutionConfigurationPlatforms) = preSolution
		Debug|Any CPU = Debug|Any CPU
		Release|Any CPU = Release|Any CPU
	EndGlobalSection
	GlobalSection(ProjectConfigurationPlatforms) = postSolution
		{62610E01-3660-4D42-9782-F82D55DE70ED}.Debug|Any CPU.ActiveCfg = Debug|Any CPU
		{62610E01-3660-4D42-9782-F82D55DE70ED}.Debug|Any CPU.Build.0 = Debug|Any CPU
		{62610E01-3660-4D42-9782-F82D55DE70ED}.Release|Any CPU.ActiveCfg = Release|Any CPU
		{62610E01-3660-4D42-9782-F82D55DE70ED}.Release|Any CPU.Build.0 = Release|Any CPU
		{DC153925-8661-4E19-8310-1EB396258487}.Debug|Any CPU.ActiveCfg = Debug|Any CPU
		{DC153925-8661-4E19-8310-1EB396258487}.Debug|Any CPU.Build.0 = Debug|Any CPU
		{DC153925-8661-4E19-8310-1EB396258487}.Release|Any CPU.ActiveCfg = Release|Any CPU
		{DC153925-8661-4E19-8310-1EB396258487}.Release|Any CPU.Build.0 = Release|Any CPU
		{4CED677D-9F75-45DA-A4AA-37E949804598}.Debug|Any CPU.ActiveCfg = Debug|Any CPU
		{4CED677D-9F75-45DA-A4AA-37E949804598}.Debug|Any CPU.Build.0 = Debug|Any CPU
		{4CED677D-9F75-45DA-A4AA-37E949804598}.Release|Any CPU.ActiveCfg = Release|Any CPU
		{4CED677D-9F75-45DA-A4AA-37E949804598}.Release|Any CPU.Build.0 = Release|Any CPU
		{B388143C-DCBB-4EB7-A863-FAE192F5EE2A}.Debug|Any CPU.ActiveCfg = Debug|Any CPU
		{B388143C-DCBB-4EB7-A863-FAE192F5EE2A}.Debug|Any CPU.Build.0 = Debug|Any CPU
		{B388143C-DCBB-4EB7-A863-FAE192F5EE2A}.Release|Any CPU.ActiveCfg = Release|Any CPU
		{B388143C-DCBB-4EB7-A863-FAE192F5EE2A}.Release|Any CPU.Build.0 = Release|Any CPU
		{008F2CEE-6D8A-4448-82C3-1ABAA0740BAB}.Debug|Any CPU.ActiveCfg = Debug|Any CPU
		{008F2CEE-6D8A-4448-82C3-1ABAA0740BAB}.Debug|Any CPU.Build.0 = Debug|Any CPU
		{008F2CEE-6D8A-4448-82C3-1ABAA0740BAB}.Release|Any CPU.ActiveCfg = Release|Any CPU
		{008F2CEE-6D8A-4448-82C3-1ABAA0740BAB}.Release|Any CPU.Build.0 = Release|Any CPU
		{7738CB2E-C8B0-46A2-862A-07CC14EA68BE}.Debug|Any CPU.ActiveCfg = Debug|Any CPU
		{7738CB2E-C8B0-46A2-862A-07CC14EA68BE}.Debug|Any CPU.Build.0 = Debug|Any CPU
		{7738CB2E-C8B0-46A2-862A-07CC14EA68BE}.Release|Any CPU.ActiveCfg = Release|Any CPU
		{7738CB2E-C8B0-46A2-862A-07CC14EA68BE}.Release|Any CPU.Build.0 = Release|Any CPU
		{DCF20F0B-9002-484F-9E43-C3957A88EDAE}.Debug|Any CPU.ActiveCfg = Debug|Any CPU
		{DCF20F0B-9002-484F-9E43-C3957A88EDAE}.Debug|Any CPU.Build.0 = Debug|Any CPU
		{DCF20F0B-9002-484F-9E43-C3957A88EDAE}.Release|Any CPU.ActiveCfg = Release|Any CPU
		{DCF20F0B-9002-484F-9E43-C3957A88EDAE}.Release|Any CPU.Build.0 = Release|Any CPU
		{73703712-DA92-46FD-9BFF-A14B9C594E23}.Debug|Any CPU.ActiveCfg = Debug|Any CPU
		{73703712-DA92-46FD-9BFF-A14B9C594E23}.Debug|Any CPU.Build.0 = Debug|Any CPU
		{73703712-DA92-46FD-9BFF-A14B9C594E23}.Release|Any CPU.ActiveCfg = Release|Any CPU
		{73703712-DA92-46FD-9BFF-A14B9C594E23}.Release|Any CPU.Build.0 = Release|Any CPU
		{C65E0D94-515C-44FE-BF86-78B7AEF558DE}.Debug|Any CPU.ActiveCfg = Debug|Any CPU
		{C65E0D94-515C-44FE-BF86-78B7AEF558DE}.Debug|Any CPU.Build.0 = Debug|Any CPU
		{C65E0D94-515C-44FE-BF86-78B7AEF558DE}.Release|Any CPU.ActiveCfg = Release|Any CPU
		{C65E0D94-515C-44FE-BF86-78B7AEF558DE}.Release|Any CPU.Build.0 = Release|Any CPU
		{41051DAF-CE65-48EF-A972-DF2D14034D77}.Debug|Any CPU.ActiveCfg = Debug|Any CPU
		{41051DAF-CE65-48EF-A972-DF2D14034D77}.Debug|Any CPU.Build.0 = Debug|Any CPU
		{41051DAF-CE65-48EF-A972-DF2D14034D77}.Release|Any CPU.ActiveCfg = Release|Any CPU
		{41051DAF-CE65-48EF-A972-DF2D14034D77}.Release|Any CPU.Build.0 = Release|Any CPU
		{BF09562C-C88D-4448-97B0-24CBF8A6E8F2}.Debug|Any CPU.ActiveCfg = Debug|Any CPU
		{BF09562C-C88D-4448-97B0-24CBF8A6E8F2}.Debug|Any CPU.Build.0 = Debug|Any CPU
		{BF09562C-C88D-4448-97B0-24CBF8A6E8F2}.Release|Any CPU.ActiveCfg = Release|Any CPU
		{BF09562C-C88D-4448-97B0-24CBF8A6E8F2}.Release|Any CPU.Build.0 = Release|Any CPU
		{FFF694E7-7D74-47A7-8FAD-D31A88C4B264}.Debug|Any CPU.ActiveCfg = Debug|Any CPU
		{FFF694E7-7D74-47A7-8FAD-D31A88C4B264}.Debug|Any CPU.Build.0 = Debug|Any CPU
		{FFF694E7-7D74-47A7-8FAD-D31A88C4B264}.Release|Any CPU.ActiveCfg = Release|Any CPU
		{FFF694E7-7D74-47A7-8FAD-D31A88C4B264}.Release|Any CPU.Build.0 = Release|Any CPU
		{E84F6615-ECD0-42AE-A0C1-FB08D1C34DA7}.Debug|Any CPU.ActiveCfg = Debug|Any CPU
		{E84F6615-ECD0-42AE-A0C1-FB08D1C34DA7}.Debug|Any CPU.Build.0 = Debug|Any CPU
		{E84F6615-ECD0-42AE-A0C1-FB08D1C34DA7}.Release|Any CPU.ActiveCfg = Release|Any CPU
		{E84F6615-ECD0-42AE-A0C1-FB08D1C34DA7}.Release|Any CPU.Build.0 = Release|Any CPU
		{5E88C730-3EEC-4D6A-891C-A30A32143DE8}.Debug|Any CPU.ActiveCfg = Debug|Any CPU
		{5E88C730-3EEC-4D6A-891C-A30A32143DE8}.Debug|Any CPU.Build.0 = Debug|Any CPU
		{5E88C730-3EEC-4D6A-891C-A30A32143DE8}.Release|Any CPU.ActiveCfg = Release|Any CPU
		{5E88C730-3EEC-4D6A-891C-A30A32143DE8}.Release|Any CPU.Build.0 = Release|Any CPU
		{D19A2D34-6FAD-418E-B906-8956D507E916}.Debug|Any CPU.ActiveCfg = Debug|Any CPU
		{D19A2D34-6FAD-418E-B906-8956D507E916}.Debug|Any CPU.Build.0 = Debug|Any CPU
		{D19A2D34-6FAD-418E-B906-8956D507E916}.Release|Any CPU.ActiveCfg = Release|Any CPU
		{D19A2D34-6FAD-418E-B906-8956D507E916}.Release|Any CPU.Build.0 = Release|Any CPU
		{E5EF76B3-EE15-4DF4-9C46-AE6D68C62C74}.Debug|Any CPU.ActiveCfg = Debug|Any CPU
		{E5EF76B3-EE15-4DF4-9C46-AE6D68C62C74}.Debug|Any CPU.Build.0 = Debug|Any CPU
		{E5EF76B3-EE15-4DF4-9C46-AE6D68C62C74}.Release|Any CPU.ActiveCfg = Release|Any CPU
		{E5EF76B3-EE15-4DF4-9C46-AE6D68C62C74}.Release|Any CPU.Build.0 = Release|Any CPU
		{CAC3C37D-DEC3-49CE-978B-3BEC37C18F96}.Debug|Any CPU.ActiveCfg = Debug|Any CPU
		{CAC3C37D-DEC3-49CE-978B-3BEC37C18F96}.Debug|Any CPU.Build.0 = Debug|Any CPU
		{CAC3C37D-DEC3-49CE-978B-3BEC37C18F96}.Release|Any CPU.ActiveCfg = Release|Any CPU
		{CAC3C37D-DEC3-49CE-978B-3BEC37C18F96}.Release|Any CPU.Build.0 = Release|Any CPU
		{01999481-F11A-4B31-8A24-2726CDB650B2}.Debug|Any CPU.ActiveCfg = Debug|Any CPU
		{01999481-F11A-4B31-8A24-2726CDB650B2}.Debug|Any CPU.Build.0 = Debug|Any CPU
		{01999481-F11A-4B31-8A24-2726CDB650B2}.Release|Any CPU.ActiveCfg = Release|Any CPU
		{01999481-F11A-4B31-8A24-2726CDB650B2}.Release|Any CPU.Build.0 = Release|Any CPU
		{ABD5A5C9-AA52-459F-BB0D-498AE98DA079}.Debug|Any CPU.ActiveCfg = Debug|Any CPU
		{ABD5A5C9-AA52-459F-BB0D-498AE98DA079}.Debug|Any CPU.Build.0 = Debug|Any CPU
		{ABD5A5C9-AA52-459F-BB0D-498AE98DA079}.Release|Any CPU.ActiveCfg = Release|Any CPU
		{ABD5A5C9-AA52-459F-BB0D-498AE98DA079}.Release|Any CPU.Build.0 = Release|Any CPU
		{00E8240B-758D-4F19-ACBD-9983DC1E233A}.Debug|Any CPU.ActiveCfg = Debug|Any CPU
		{00E8240B-758D-4F19-ACBD-9983DC1E233A}.Debug|Any CPU.Build.0 = Debug|Any CPU
		{00E8240B-758D-4F19-ACBD-9983DC1E233A}.Release|Any CPU.ActiveCfg = Release|Any CPU
		{00E8240B-758D-4F19-ACBD-9983DC1E233A}.Release|Any CPU.Build.0 = Release|Any CPU
		{54234284-F9DD-41A2-AF41-E44BC6C435EB}.Debug|Any CPU.ActiveCfg = Debug|Any CPU
		{54234284-F9DD-41A2-AF41-E44BC6C435EB}.Debug|Any CPU.Build.0 = Debug|Any CPU
		{54234284-F9DD-41A2-AF41-E44BC6C435EB}.Release|Any CPU.ActiveCfg = Release|Any CPU
		{54234284-F9DD-41A2-AF41-E44BC6C435EB}.Release|Any CPU.Build.0 = Release|Any CPU
		{93976710-DAA4-4CAA-A9E3-296420DE39FE}.Debug|Any CPU.ActiveCfg = Debug|Any CPU
		{93976710-DAA4-4CAA-A9E3-296420DE39FE}.Debug|Any CPU.Build.0 = Debug|Any CPU
		{93976710-DAA4-4CAA-A9E3-296420DE39FE}.Release|Any CPU.ActiveCfg = Release|Any CPU
		{93976710-DAA4-4CAA-A9E3-296420DE39FE}.Release|Any CPU.Build.0 = Release|Any CPU
		{5B2E7BBE-A4BE-4BDC-9BFC-2A3C7E1DE214}.Debug|Any CPU.ActiveCfg = Debug|Any CPU
		{5B2E7BBE-A4BE-4BDC-9BFC-2A3C7E1DE214}.Debug|Any CPU.Build.0 = Debug|Any CPU
		{5B2E7BBE-A4BE-4BDC-9BFC-2A3C7E1DE214}.Release|Any CPU.ActiveCfg = Release|Any CPU
		{5B2E7BBE-A4BE-4BDC-9BFC-2A3C7E1DE214}.Release|Any CPU.Build.0 = Release|Any CPU
		{72227443-BC76-4A0B-92B9-5E814A003ECC}.Debug|Any CPU.ActiveCfg = Debug|Any CPU
		{72227443-BC76-4A0B-92B9-5E814A003ECC}.Debug|Any CPU.Build.0 = Debug|Any CPU
		{72227443-BC76-4A0B-92B9-5E814A003ECC}.Release|Any CPU.ActiveCfg = Release|Any CPU
		{72227443-BC76-4A0B-92B9-5E814A003ECC}.Release|Any CPU.Build.0 = Release|Any CPU
		{AF09F054-2A4B-4A5C-AE95-52D0C544504C}.Debug|Any CPU.ActiveCfg = Debug|Any CPU
		{AF09F054-2A4B-4A5C-AE95-52D0C544504C}.Debug|Any CPU.Build.0 = Debug|Any CPU
		{AF09F054-2A4B-4A5C-AE95-52D0C544504C}.Release|Any CPU.ActiveCfg = Release|Any CPU
		{AF09F054-2A4B-4A5C-AE95-52D0C544504C}.Release|Any CPU.Build.0 = Release|Any CPU
		{656CF6AB-E71A-4BE1-A673-07598D37FA89}.Debug|Any CPU.ActiveCfg = Debug|Any CPU
		{656CF6AB-E71A-4BE1-A673-07598D37FA89}.Debug|Any CPU.Build.0 = Debug|Any CPU
		{656CF6AB-E71A-4BE1-A673-07598D37FA89}.Release|Any CPU.ActiveCfg = Release|Any CPU
		{656CF6AB-E71A-4BE1-A673-07598D37FA89}.Release|Any CPU.Build.0 = Release|Any CPU
	EndGlobalSection
	GlobalSection(SolutionProperties) = preSolution
		HideSolutionNode = FALSE
	EndGlobalSection
	GlobalSection(NestedProjects) = preSolution
		{62610E01-3660-4D42-9782-F82D55DE70ED} = {956F8D7C-D65F-4833-8341-ACDC3E303FD3}
		{DC153925-8661-4E19-8310-1EB396258487} = {956F8D7C-D65F-4833-8341-ACDC3E303FD3}
		{4CED677D-9F75-45DA-A4AA-37E949804598} = {956F8D7C-D65F-4833-8341-ACDC3E303FD3}
		{B388143C-DCBB-4EB7-A863-FAE192F5EE2A} = {956F8D7C-D65F-4833-8341-ACDC3E303FD3}
		{008F2CEE-6D8A-4448-82C3-1ABAA0740BAB} = {956F8D7C-D65F-4833-8341-ACDC3E303FD3}
		{7738CB2E-C8B0-46A2-862A-07CC14EA68BE} = {956F8D7C-D65F-4833-8341-ACDC3E303FD3}
		{7D3288D6-5F6B-4FBE-9F5D-E40971B6E0E7} = {38B22228-1729-4279-9248-2BC57E4D4F41}
		{C0BD2CA3-A5F0-4EDB-A5C5-EA0B4787B02F} = {38B22228-1729-4279-9248-2BC57E4D4F41}
		{3C2987A6-7DAE-49C8-987D-F9839EAD74B3} = {38B22228-1729-4279-9248-2BC57E4D4F41}
		{9AE51F65-7EC8-464B-BF64-21B77E34A90E} = {38B22228-1729-4279-9248-2BC57E4D4F41}
		{DCF20F0B-9002-484F-9E43-C3957A88EDAE} = {7D3288D6-5F6B-4FBE-9F5D-E40971B6E0E7}
		{73703712-DA92-46FD-9BFF-A14B9C594E23} = {7D3288D6-5F6B-4FBE-9F5D-E40971B6E0E7}
		{C65E0D94-515C-44FE-BF86-78B7AEF558DE} = {7D3288D6-5F6B-4FBE-9F5D-E40971B6E0E7}
		{41051DAF-CE65-48EF-A972-DF2D14034D77} = {7D3288D6-5F6B-4FBE-9F5D-E40971B6E0E7}
		{BF09562C-C88D-4448-97B0-24CBF8A6E8F2} = {7D3288D6-5F6B-4FBE-9F5D-E40971B6E0E7}
		{FFF694E7-7D74-47A7-8FAD-D31A88C4B264} = {7D3288D6-5F6B-4FBE-9F5D-E40971B6E0E7}
		{E84F6615-ECD0-42AE-A0C1-FB08D1C34DA7} = {C0BD2CA3-A5F0-4EDB-A5C5-EA0B4787B02F}
		{5E88C730-3EEC-4D6A-891C-A30A32143DE8} = {C0BD2CA3-A5F0-4EDB-A5C5-EA0B4787B02F}
		{D19A2D34-6FAD-418E-B906-8956D507E916} = {C0BD2CA3-A5F0-4EDB-A5C5-EA0B4787B02F}
		{E5EF76B3-EE15-4DF4-9C46-AE6D68C62C74} = {C0BD2CA3-A5F0-4EDB-A5C5-EA0B4787B02F}
		{CAC3C37D-DEC3-49CE-978B-3BEC37C18F96} = {C0BD2CA3-A5F0-4EDB-A5C5-EA0B4787B02F}
		{01999481-F11A-4B31-8A24-2726CDB650B2} = {C0BD2CA3-A5F0-4EDB-A5C5-EA0B4787B02F}
		{ABD5A5C9-AA52-459F-BB0D-498AE98DA079} = {C0BD2CA3-A5F0-4EDB-A5C5-EA0B4787B02F}
		{00E8240B-758D-4F19-ACBD-9983DC1E233A} = {C0BD2CA3-A5F0-4EDB-A5C5-EA0B4787B02F}
		{54234284-F9DD-41A2-AF41-E44BC6C435EB} = {3C2987A6-7DAE-49C8-987D-F9839EAD74B3}
		{93976710-DAA4-4CAA-A9E3-296420DE39FE} = {3C2987A6-7DAE-49C8-987D-F9839EAD74B3}
		{5B2E7BBE-A4BE-4BDC-9BFC-2A3C7E1DE214} = {3C2987A6-7DAE-49C8-987D-F9839EAD74B3}
		{72227443-BC76-4A0B-92B9-5E814A003ECC} = {9AE51F65-7EC8-464B-BF64-21B77E34A90E}
		{AF09F054-2A4B-4A5C-AE95-52D0C544504C} = {9AE51F65-7EC8-464B-BF64-21B77E34A90E}
		{656CF6AB-E71A-4BE1-A673-07598D37FA89} = {9AE51F65-7EC8-464B-BF64-21B77E34A90E}
	EndGlobalSection
	GlobalSection(ExtensibilityGlobals) = postSolution
		SolutionGuid = {1A1EE13F-7B42-4CDE-8670-784BCB373EAA}
	EndGlobalSection
EndGlobal
